// !$*UTF8*$!
{
	archiveVersion = 1;
	classes = {
	};
	objectVersion = 46;
	objects = {

/* Begin PBXBuildFile section */
		118FCCC61C1819E6005C83AF /* AppDelegate.swift in Sources */ = {isa = PBXBuildFile; fileRef = 118FCCBF1C1819E6005C83AF /* AppDelegate.swift */; };
		118FCCC81C1819E6005C83AF /* Images.xcassets in Resources */ = {isa = PBXBuildFile; fileRef = 118FCCC11C1819E6005C83AF /* Images.xcassets */; };
		118FCCCA1C1819E6005C83AF /* TweetTableViewCell.swift in Sources */ = {isa = PBXBuildFile; fileRef = 118FCCC31C1819E6005C83AF /* TweetTableViewCell.swift */; };
		118FCCCB1C1819E6005C83AF /* TweetTableViewController.swift in Sources */ = {isa = PBXBuildFile; fileRef = 118FCCC41C1819E6005C83AF /* TweetTableViewController.swift */; };
		118FCCDF1C181B57005C83AF /* MediaItem.swift in Sources */ = {isa = PBXBuildFile; fileRef = 118FCCDB1C181B57005C83AF /* MediaItem.swift */; };
		118FCCE01C181B57005C83AF /* Tweet.swift in Sources */ = {isa = PBXBuildFile; fileRef = 118FCCDC1C181B57005C83AF /* Tweet.swift */; };
		118FCCE11C181B57005C83AF /* TwitterRequest.swift in Sources */ = {isa = PBXBuildFile; fileRef = 118FCCDD1C181B57005C83AF /* TwitterRequest.swift */; };
		118FCCE21C181B57005C83AF /* User.swift in Sources */ = {isa = PBXBuildFile; fileRef = 118FCCDE1C181B57005C83AF /* User.swift */; };
		118FCCE71C181B69005C83AF /* LaunchScreen.xib in Resources */ = {isa = PBXBuildFile; fileRef = 118FCCE31C181B69005C83AF /* LaunchScreen.xib */; };
		118FCCE81C181B69005C83AF /* Main.storyboard in Resources */ = {isa = PBXBuildFile; fileRef = 118FCCE51C181B69005C83AF /* Main.storyboard */; };
		77B2DB57898C6B58DC28F1B8 /* Pods.framework in Frameworks */ = {isa = PBXBuildFile; fileRef = 5AF4518B94391E8DBBA433C1 /* Pods.framework */; };
/* End PBXBuildFile section */

/* Begin PBXContainerItemProxy section */
		EC6876271A898EF4006B5FDB /* PBXContainerItemProxy */ = {
			isa = PBXContainerItemProxy;
			containerPortal = EC6876091A898EF4006B5FDB /* Project object */;
			proxyType = 1;
			remoteGlobalIDString = EC6876101A898EF4006B5FDB;
			remoteInfo = Smashtag;
		};
/* End PBXContainerItemProxy section */

/* Begin PBXFileReference section */
		118FCCBF1C1819E6005C83AF /* AppDelegate.swift */ = {isa = PBXFileReference; fileEncoding = 4; lastKnownFileType = sourcecode.swift; name = AppDelegate.swift; path = IdeaStealer/AppDelegate.swift; sourceTree = SOURCE_ROOT; };
		118FCCC11C1819E6005C83AF /* Images.xcassets */ = {isa = PBXFileReference; lastKnownFileType = folder.assetcatalog; name = Images.xcassets; path = IdeaStealer/Images.xcassets; sourceTree = SOURCE_ROOT; };
		118FCCC21C1819E6005C83AF /* Info.plist */ = {isa = PBXFileReference; fileEncoding = 4; lastKnownFileType = text.plist.xml; name = Info.plist; path = IdeaStealer/Info.plist; sourceTree = SOURCE_ROOT; };
		118FCCC31C1819E6005C83AF /* TweetTableViewCell.swift */ = {isa = PBXFileReference; fileEncoding = 4; lastKnownFileType = sourcecode.swift; name = TweetTableViewCell.swift; path = IdeaStealer/TweetTableViewCell.swift; sourceTree = SOURCE_ROOT; };
		118FCCC41C1819E6005C83AF /* TweetTableViewController.swift */ = {isa = PBXFileReference; fileEncoding = 4; lastKnownFileType = sourcecode.swift; name = TweetTableViewController.swift; path = IdeaStealer/TweetTableViewController.swift; sourceTree = SOURCE_ROOT; };
		118FCCDB1C181B57005C83AF /* MediaItem.swift */ = {isa = PBXFileReference; fileEncoding = 4; lastKnownFileType = sourcecode.swift; name = MediaItem.swift; path = IdeaStealer/Twitter/MediaItem.swift; sourceTree = SOURCE_ROOT; };
		118FCCDC1C181B57005C83AF /* Tweet.swift */ = {isa = PBXFileReference; fileEncoding = 4; lastKnownFileType = sourcecode.swift; name = Tweet.swift; path = IdeaStealer/Twitter/Tweet.swift; sourceTree = SOURCE_ROOT; };
		118FCCDD1C181B57005C83AF /* TwitterRequest.swift */ = {isa = PBXFileReference; fileEncoding = 4; lastKnownFileType = sourcecode.swift; name = TwitterRequest.swift; path = IdeaStealer/Twitter/TwitterRequest.swift; sourceTree = SOURCE_ROOT; };
		118FCCDE1C181B57005C83AF /* User.swift */ = {isa = PBXFileReference; fileEncoding = 4; lastKnownFileType = sourcecode.swift; name = User.swift; path = IdeaStealer/Twitter/User.swift; sourceTree = SOURCE_ROOT; };
		118FCCE41C181B69005C83AF /* Base */ = {isa = PBXFileReference; lastKnownFileType = file.xib; name = Base; path = IdeaStealer/Base.lproj/LaunchScreen.xib; sourceTree = SOURCE_ROOT; };
		118FCCE61C181B69005C83AF /* Base */ = {isa = PBXFileReference; lastKnownFileType = file.storyboard; name = Base; path = IdeaStealer/Base.lproj/Main.storyboard; sourceTree = SOURCE_ROOT; };
		2AB53D93523AE5D10CE7FAD3 /* Pods.release.xcconfig */ = {isa = PBXFileReference; includeInIndex = 1; lastKnownFileType = text.xcconfig; name = Pods.release.xcconfig; path = "Pods/Target Support Files/Pods/Pods.release.xcconfig"; sourceTree = "<group>"; };
		5AF4518B94391E8DBBA433C1 /* Pods.framework */ = {isa = PBXFileReference; explicitFileType = wrapper.framework; includeInIndex = 0; path = Pods.framework; sourceTree = BUILT_PRODUCTS_DIR; };
		C2A27865604AE99523287FB8 /* Pods.debug.xcconfig */ = {isa = PBXFileReference; includeInIndex = 1; lastKnownFileType = text.xcconfig; name = Pods.debug.xcconfig; path = "Pods/Target Support Files/Pods/Pods.debug.xcconfig"; sourceTree = "<group>"; };
		EC6876111A898EF4006B5FDB /* IdeaStealer.app */ = {isa = PBXFileReference; explicitFileType = wrapper.application; includeInIndex = 0; path = IdeaStealer.app; sourceTree = BUILT_PRODUCTS_DIR; };
		EC6876261A898EF4006B5FDB /* IdeaStealer.xctest */ = {isa = PBXFileReference; explicitFileType = wrapper.cfbundle; includeInIndex = 0; path = IdeaStealer.xctest; sourceTree = BUILT_PRODUCTS_DIR; };
/* End PBXFileReference section */

/* Begin PBXFrameworksBuildPhase section */
		EC68760E1A898EF4006B5FDB /* Frameworks */ = {
			isa = PBXFrameworksBuildPhase;
			buildActionMask = 2147483647;
			files = (
				77B2DB57898C6B58DC28F1B8 /* Pods.framework in Frameworks */,
			);
			runOnlyForDeploymentPostprocessing = 0;
		};
		EC6876231A898EF4006B5FDB /* Frameworks */ = {
			isa = PBXFrameworksBuildPhase;
			buildActionMask = 2147483647;
			files = (
			);
			runOnlyForDeploymentPostprocessing = 0;
		};
/* End PBXFrameworksBuildPhase section */

/* Begin PBXGroup section */
		118FCCE91C181BDF005C83AF /* Twitter */ = {
			isa = PBXGroup;
			children = (
				118FCCDB1C181B57005C83AF /* MediaItem.swift */,
				118FCCDC1C181B57005C83AF /* Tweet.swift */,
				118FCCDD1C181B57005C83AF /* TwitterRequest.swift */,
				118FCCDE1C181B57005C83AF /* User.swift */,
			);
			name = Twitter;
			sourceTree = "<group>";
		};
		DD17362817905474DE4A8268 /* Pods */ = {
			isa = PBXGroup;
			children = (
				C2A27865604AE99523287FB8 /* Pods.debug.xcconfig */,
				2AB53D93523AE5D10CE7FAD3 /* Pods.release.xcconfig */,
			);
			name = Pods;
			sourceTree = "<group>";
		};
		E88BAA55D2BE7A9C20A2D2C9 /* Frameworks */ = {
			isa = PBXGroup;
			children = (
				5AF4518B94391E8DBBA433C1 /* Pods.framework */,
			);
			name = Frameworks;
			sourceTree = "<group>";
		};
		EC6876081A898EF4006B5FDB = {
			isa = PBXGroup;
			children = (
				EC6876131A898EF4006B5FDB /* IdeaStealer */,
				EC6876121A898EF4006B5FDB /* Products */,
				DD17362817905474DE4A8268 /* Pods */,
				E88BAA55D2BE7A9C20A2D2C9 /* Frameworks */,
			);
			sourceTree = "<group>";
		};
		EC6876121A898EF4006B5FDB /* Products */ = {
			isa = PBXGroup;
			children = (
				EC6876111A898EF4006B5FDB /* IdeaStealer.app */,
				EC6876261A898EF4006B5FDB /* IdeaStealer.xctest */,
			);
			name = Products;
			sourceTree = "<group>";
		};
		EC6876131A898EF4006B5FDB /* IdeaStealer */ = {
			isa = PBXGroup;
			children = (
				118FCCE91C181BDF005C83AF /* Twitter */,
				118FCCE31C181B69005C83AF /* LaunchScreen.xib */,
				118FCCE51C181B69005C83AF /* Main.storyboard */,
				118FCCBF1C1819E6005C83AF /* AppDelegate.swift */,
				118FCCC31C1819E6005C83AF /* TweetTableViewCell.swift */,
				118FCCC41C1819E6005C83AF /* TweetTableViewController.swift */,
				118FCCC11C1819E6005C83AF /* Images.xcassets */,
				118FCCC21C1819E6005C83AF /* Info.plist */,
				EC6876141A898EF4006B5FDB /* Supporting Files */,
			);
			name = IdeaStealer;
			path = Smashtag;
			sourceTree = "<group>";
		};
		EC6876141A898EF4006B5FDB /* Supporting Files */ = {
			isa = PBXGroup;
			children = (
			);
			name = "Supporting Files";
			sourceTree = "<group>";
		};
/* End PBXGroup section */

/* Begin PBXNativeTarget section */
		EC6876101A898EF4006B5FDB /* IdeaStealer */ = {
			isa = PBXNativeTarget;
			buildConfigurationList = EC6876301A898EF4006B5FDB /* Build configuration list for PBXNativeTarget "IdeaStealer" */;
			buildPhases = (
				3C14D5BB903C23A68C1A79F5 /* Check Pods Manifest.lock */,
				EC68760D1A898EF4006B5FDB /* Sources */,
				EC68760E1A898EF4006B5FDB /* Frameworks */,
				EC68760F1A898EF4006B5FDB /* Resources */,
				D9C72F0076EF93B54F29BA09 /* Embed Pods Frameworks */,
				8FD04AF3D041A038B9B83642 /* Copy Pods Resources */,
			);
			buildRules = (
			);
			dependencies = (
			);
			name = IdeaStealer;
			productName = Smashtag;
			productReference = EC6876111A898EF4006B5FDB /* IdeaStealer.app */;
			productType = "com.apple.product-type.application";
		};
		EC6876251A898EF4006B5FDB /* IdeaStealerTests */ = {
			isa = PBXNativeTarget;
			buildConfigurationList = EC6876331A898EF4006B5FDB /* Build configuration list for PBXNativeTarget "IdeaStealerTests" */;
			buildPhases = (
				EC6876221A898EF4006B5FDB /* Sources */,
				EC6876231A898EF4006B5FDB /* Frameworks */,
				EC6876241A898EF4006B5FDB /* Resources */,
			);
			buildRules = (
			);
			dependencies = (
				EC6876281A898EF4006B5FDB /* PBXTargetDependency */,
			);
			name = IdeaStealerTests;
			productName = SmashtagTests;
			productReference = EC6876261A898EF4006B5FDB /* IdeaStealer.xctest */;
			productType = "com.apple.product-type.bundle.unit-test";
		};
/* End PBXNativeTarget section */

/* Begin PBXProject section */
		EC6876091A898EF4006B5FDB /* Project object */ = {
			isa = PBXProject;
			attributes = {
				LastSwiftMigration = 0710;
				LastSwiftUpdateCheck = 0710;
				LastUpgradeCheck = 0710;
				ORGANIZATIONNAME = "Stanford University";
				TargetAttributes = {
					EC6876101A898EF4006B5FDB = {
						CreatedOnToolsVersion = 6.1.1;
						DevelopmentTeam = N7ZBAY8RU5;
					};
					EC6876251A898EF4006B5FDB = {
						CreatedOnToolsVersion = 6.1.1;
						TestTargetID = EC6876101A898EF4006B5FDB;
					};
				};
			};
			buildConfigurationList = EC68760C1A898EF4006B5FDB /* Build configuration list for PBXProject "IdeaStealer" */;
			compatibilityVersion = "Xcode 3.2";
			developmentRegion = English;
			hasScannedForEncodings = 0;
			knownRegions = (
				en,
				Base,
			);
			mainGroup = EC6876081A898EF4006B5FDB;
			productRefGroup = EC6876121A898EF4006B5FDB /* Products */;
			projectDirPath = "";
			projectRoot = "";
			targets = (
				EC6876101A898EF4006B5FDB /* IdeaStealer */,
				EC6876251A898EF4006B5FDB /* IdeaStealerTests */,
			);
		};
/* End PBXProject section */

/* Begin PBXResourcesBuildPhase section */
		EC68760F1A898EF4006B5FDB /* Resources */ = {
			isa = PBXResourcesBuildPhase;
			buildActionMask = 2147483647;
			files = (
				118FCCE81C181B69005C83AF /* Main.storyboard in Resources */,
				118FCCE71C181B69005C83AF /* LaunchScreen.xib in Resources */,
				118FCCC81C1819E6005C83AF /* Images.xcassets in Resources */,
			);
			runOnlyForDeploymentPostprocessing = 0;
		};
		EC6876241A898EF4006B5FDB /* Resources */ = {
			isa = PBXResourcesBuildPhase;
			buildActionMask = 2147483647;
			files = (
			);
			runOnlyForDeploymentPostprocessing = 0;
		};
/* End PBXResourcesBuildPhase section */

/* Begin PBXShellScriptBuildPhase section */
		3C14D5BB903C23A68C1A79F5 /* Check Pods Manifest.lock */ = {
			isa = PBXShellScriptBuildPhase;
			buildActionMask = 2147483647;
			files = (
			);
			inputPaths = (
			);
			name = "Check Pods Manifest.lock";
			outputPaths = (
			);
			runOnlyForDeploymentPostprocessing = 0;
			shellPath = /bin/sh;
			shellScript = "diff \"${PODS_ROOT}/../Podfile.lock\" \"${PODS_ROOT}/Manifest.lock\" > /dev/null\nif [[ $? != 0 ]] ; then\n    cat << EOM\nerror: The sandbox is not in sync with the Podfile.lock. Run 'pod install' or update your CocoaPods installation.\nEOM\n    exit 1\nfi\n";
			showEnvVarsInLog = 0;
		};
		8FD04AF3D041A038B9B83642 /* Copy Pods Resources */ = {
			isa = PBXShellScriptBuildPhase;
			buildActionMask = 2147483647;
			files = (
			);
			inputPaths = (
			);
			name = "Copy Pods Resources";
			outputPaths = (
			);
			runOnlyForDeploymentPostprocessing = 0;
			shellPath = /bin/sh;
			shellScript = "\"${SRCROOT}/Pods/Target Support Files/Pods/Pods-resources.sh\"\n";
			showEnvVarsInLog = 0;
		};
		D9C72F0076EF93B54F29BA09 /* Embed Pods Frameworks */ = {
			isa = PBXShellScriptBuildPhase;
			buildActionMask = 2147483647;
			files = (
			);
			inputPaths = (
			);
			name = "Embed Pods Frameworks";
			outputPaths = (
			);
			runOnlyForDeploymentPostprocessing = 0;
			shellPath = /bin/sh;
			shellScript = "\"${SRCROOT}/Pods/Target Support Files/Pods/Pods-frameworks.sh\"\n";
			showEnvVarsInLog = 0;
		};
/* End PBXShellScriptBuildPhase section */

/* Begin PBXSourcesBuildPhase section */
		EC68760D1A898EF4006B5FDB /* Sources */ = {
			isa = PBXSourcesBuildPhase;
			buildActionMask = 2147483647;
			files = (
				118FCCCB1C1819E6005C83AF /* TweetTableViewController.swift in Sources */,
				118FCCE01C181B57005C83AF /* Tweet.swift in Sources */,
				118FCCDF1C181B57005C83AF /* MediaItem.swift in Sources */,
				118FCCC61C1819E6005C83AF /* AppDelegate.swift in Sources */,
				118FCCCA1C1819E6005C83AF /* TweetTableViewCell.swift in Sources */,
				118FCCE11C181B57005C83AF /* TwitterRequest.swift in Sources */,
				118FCCE21C181B57005C83AF /* User.swift in Sources */,
			);
			runOnlyForDeploymentPostprocessing = 0;
		};
		EC6876221A898EF4006B5FDB /* Sources */ = {
			isa = PBXSourcesBuildPhase;
			buildActionMask = 2147483647;
			files = (
			);
			runOnlyForDeploymentPostprocessing = 0;
		};
/* End PBXSourcesBuildPhase section */

/* Begin PBXTargetDependency section */
		EC6876281A898EF4006B5FDB /* PBXTargetDependency */ = {
			isa = PBXTargetDependency;
			target = EC6876101A898EF4006B5FDB /* IdeaStealer */;
			targetProxy = EC6876271A898EF4006B5FDB /* PBXContainerItemProxy */;
		};
/* End PBXTargetDependency section */

/* Begin PBXVariantGroup section */
		118FCCE31C181B69005C83AF /* LaunchScreen.xib */ = {
			isa = PBXVariantGroup;
			children = (
				118FCCE41C181B69005C83AF /* Base */,
			);
			name = LaunchScreen.xib;
			sourceTree = "<group>";
		};
		118FCCE51C181B69005C83AF /* Main.storyboard */ = {
			isa = PBXVariantGroup;
			children = (
				118FCCE61C181B69005C83AF /* Base */,
			);
			name = Main.storyboard;
			sourceTree = "<group>";
		};
/* End PBXVariantGroup section */

/* Begin XCBuildConfiguration section */
		EC68762E1A898EF4006B5FDB /* Debug */ = {
			isa = XCBuildConfiguration;
			buildSettings = {
				ALWAYS_SEARCH_USER_PATHS = NO;
				CLANG_CXX_LANGUAGE_STANDARD = "gnu++0x";
				CLANG_CXX_LIBRARY = "libc++";
				CLANG_ENABLE_MODULES = YES;
				CLANG_ENABLE_OBJC_ARC = YES;
				CLANG_WARN_BOOL_CONVERSION = YES;
				CLANG_WARN_CONSTANT_CONVERSION = YES;
				CLANG_WARN_DIRECT_OBJC_ISA_USAGE = YES_ERROR;
				CLANG_WARN_EMPTY_BODY = YES;
				CLANG_WARN_ENUM_CONVERSION = YES;
				CLANG_WARN_INT_CONVERSION = YES;
				CLANG_WARN_OBJC_ROOT_CLASS = YES_ERROR;
				CLANG_WARN_UNREACHABLE_CODE = YES;
				CLANG_WARN__DUPLICATE_METHOD_MATCH = YES;
				"CODE_SIGN_IDENTITY[sdk=iphoneos*]" = "iPhone Developer";
				COPY_PHASE_STRIP = NO;
				ENABLE_STRICT_OBJC_MSGSEND = YES;
				ENABLE_TESTABILITY = YES;
				GCC_C_LANGUAGE_STANDARD = gnu99;
				GCC_DYNAMIC_NO_PIC = NO;
				GCC_OPTIMIZATION_LEVEL = 0;
				GCC_PREPROCESSOR_DEFINITIONS = (
					"DEBUG=1",
					"$(inherited)",
				);
				GCC_SYMBOLS_PRIVATE_EXTERN = NO;
				GCC_WARN_64_TO_32_BIT_CONVERSION = YES;
				GCC_WARN_ABOUT_RETURN_TYPE = YES_ERROR;
				GCC_WARN_UNDECLARED_SELECTOR = YES;
				GCC_WARN_UNINITIALIZED_AUTOS = YES_AGGRESSIVE;
				GCC_WARN_UNUSED_FUNCTION = YES;
				GCC_WARN_UNUSED_VARIABLE = YES;
				IPHONEOS_DEPLOYMENT_TARGET = 8.1;
				MTL_ENABLE_DEBUG_INFO = YES;
				ONLY_ACTIVE_ARCH = YES;
				SDKROOT = iphoneos;
				SWIFT_OPTIMIZATION_LEVEL = "-Onone";
				TARGETED_DEVICE_FAMILY = "1,2";
			};
			name = Debug;
		};
		EC68762F1A898EF4006B5FDB /* Release */ = {
			isa = XCBuildConfiguration;
			buildSettings = {
				ALWAYS_SEARCH_USER_PATHS = NO;
				CLANG_CXX_LANGUAGE_STANDARD = "gnu++0x";
				CLANG_CXX_LIBRARY = "libc++";
				CLANG_ENABLE_MODULES = YES;
				CLANG_ENABLE_OBJC_ARC = YES;
				CLANG_WARN_BOOL_CONVERSION = YES;
				CLANG_WARN_CONSTANT_CONVERSION = YES;
				CLANG_WARN_DIRECT_OBJC_ISA_USAGE = YES_ERROR;
				CLANG_WARN_EMPTY_BODY = YES;
				CLANG_WARN_ENUM_CONVERSION = YES;
				CLANG_WARN_INT_CONVERSION = YES;
				CLANG_WARN_OBJC_ROOT_CLASS = YES_ERROR;
				CLANG_WARN_UNREACHABLE_CODE = YES;
				CLANG_WARN__DUPLICATE_METHOD_MATCH = YES;
				"CODE_SIGN_IDENTITY[sdk=iphoneos*]" = "iPhone Developer";
				COPY_PHASE_STRIP = YES;
				ENABLE_NS_ASSERTIONS = NO;
				ENABLE_STRICT_OBJC_MSGSEND = YES;
				GCC_C_LANGUAGE_STANDARD = gnu99;
				GCC_WARN_64_TO_32_BIT_CONVERSION = YES;
				GCC_WARN_ABOUT_RETURN_TYPE = YES_ERROR;
				GCC_WARN_UNDECLARED_SELECTOR = YES;
				GCC_WARN_UNINITIALIZED_AUTOS = YES_AGGRESSIVE;
				GCC_WARN_UNUSED_FUNCTION = YES;
				GCC_WARN_UNUSED_VARIABLE = YES;
				IPHONEOS_DEPLOYMENT_TARGET = 8.1;
				MTL_ENABLE_DEBUG_INFO = NO;
				SDKROOT = iphoneos;
				TARGETED_DEVICE_FAMILY = "1,2";
				VALIDATE_PRODUCT = YES;
			};
			name = Release;
		};
		EC6876311A898EF4006B5FDB /* Debug */ = {
			isa = XCBuildConfiguration;
			baseConfigurationReference = C2A27865604AE99523287FB8 /* Pods.debug.xcconfig */;
			buildSettings = {
				ASSETCATALOG_COMPILER_APPICON_NAME = AppIcon;
				CLANG_ENABLE_MODULES = YES;
				CODE_SIGN_IDENTITY = "iPhone Developer";
				INFOPLIST_FILE = "$(SRCROOT)/IdeaStealer/Info.plist";
				IPHONEOS_DEPLOYMENT_TARGET = 9.0;
				LD_RUNPATH_SEARCH_PATHS = "$(inherited) @executable_path/Frameworks";
				PRODUCT_BUNDLE_IDENTIFIER = co.perne.IdeaSteal3r;
				PRODUCT_NAME = IdeaStealer;
				SWIFT_OPTIMIZATION_LEVEL = "-Onone";
			};
			name = Debug;
		};
		EC6876321A898EF4006B5FDB /* Release */ = {
			isa = XCBuildConfiguration;
			baseConfigurationReference = 2AB53D93523AE5D10CE7FAD3 /* Pods.release.xcconfig */;
			buildSettings = {
				ASSETCATALOG_COMPILER_APPICON_NAME = AppIcon;
				CLANG_ENABLE_MODULES = YES;
				CODE_SIGN_IDENTITY = "iPhone Developer";
				INFOPLIST_FILE = "$(SRCROOT)/IdeaStealer/Info.plist";
				IPHONEOS_DEPLOYMENT_TARGET = 9.0;
				LD_RUNPATH_SEARCH_PATHS = "$(inherited) @executable_path/Frameworks";
				PRODUCT_BUNDLE_IDENTIFIER = co.perne.IdeaSteal3r;
				PRODUCT_NAME = IdeaStealer;
			};
			name = Release;
		};
		EC6876341A898EF4006B5FDB /* Debug */ = {
			isa = XCBuildConfiguration;
			buildSettings = {
				BUNDLE_LOADER = "$(TEST_HOST)";
				FRAMEWORK_SEARCH_PATHS = (
					"$(SDKROOT)/Developer/Library/Frameworks",
					"$(inherited)",
				);
				GCC_PREPROCESSOR_DEFINITIONS = (
					"DEBUG=1",
					"$(inherited)",
				);
				INFOPLIST_FILE = SmashtagTests/Info.plist;
				LD_RUNPATH_SEARCH_PATHS = "$(inherited) @executable_path/Frameworks @loader_path/Frameworks";
				PRODUCT_NAME = IdeaStealer;
				TEST_HOST = "$(BUILT_PRODUCTS_DIR)/IdeaStealer.app/IdeaStealer";
			};
			name = Debug;
		};
		EC6876351A898EF4006B5FDB /* Release */ = {
			isa = XCBuildConfiguration;
			buildSettings = {
				BUNDLE_LOADER = "$(TEST_HOST)";
				FRAMEWORK_SEARCH_PATHS = (
					"$(SDKROOT)/Developer/Library/Frameworks",
					"$(inherited)",
				);
				INFOPLIST_FILE = SmashtagTests/Info.plist;
				LD_RUNPATH_SEARCH_PATHS = "$(inherited) @executable_path/Frameworks @loader_path/Frameworks";
				PRODUCT_NAME = IdeaStealer;
				TEST_HOST = "$(BUILT_PRODUCTS_DIR)/IdeaStealer.app/IdeaStealer";
			};
			name = Release;
		};
/* End XCBuildConfiguration section */

/* Begin XCConfigurationList section */
		EC68760C1A898EF4006B5FDB /* Build configuration list for PBXProject "IdeaStealer" */ = {
			isa = XCConfigurationList;
			buildConfigurations = (
				EC68762E1A898EF4006B5FDB /* Debug */,
				EC68762F1A898EF4006B5FDB /* Release */,
			);
			defaultConfigurationIsVisible = 0;
			defaultConfigurationName = Release;
		};
		EC6876301A898EF4006B5FDB /* Build configuration list for PBXNativeTarget "IdeaStealer" */ = {
			isa = XCConfigurationList;
			buildConfigurations = (
				EC6876311A898EF4006B5FDB /* Debug */,
				EC6876321A898EF4006B5FDB /* Release */,
			);
			defaultConfigurationIsVisible = 0;
			defaultConfigurationName = Release;
		};
		EC6876331A898EF4006B5FDB /* Build configuration list for PBXNativeTarget "IdeaStealerTests" */ = {
			isa = XCConfigurationList;
			buildConfigurations = (
				EC6876341A898EF4006B5FDB /* Debug */,
				EC6876351A898EF4006B5FDB /* Release */,
			);
			defaultConfigurationIsVisible = 0;
			defaultConfigurationName = Release;
		};
/* End XCConfigurationList section */
	};
	rootObject = EC6876091A898EF4006B5FDB /* Project object */;
}
