// !$*UTF8*$!
{
	archiveVersion = 1;
	classes = {
	};
	objectVersion = 46;
	objects = {

/* Begin PBXBuildFile section */
		11B1AAFE1BD6AA310010E5C6 /* CurrencyModel.swift in Sources */ = {isa = PBXBuildFile; fileRef = 11B1AAFD1BD6AA310010E5C6 /* CurrencyModel.swift */; settings = {ASSET_TAGS = (); }; };
		11D3CC361BD5503600492EBD /* AppDelegate.swift in Sources */ = {isa = PBXBuildFile; fileRef = 11D3CC351BD5503600492EBD /* AppDelegate.swift */; };
		11D3CC381BD5503600492EBD /* FirstViewController.swift in Sources */ = {isa = PBXBuildFile; fileRef = 11D3CC371BD5503600492EBD /* FirstViewController.swift */; };
		11D3CC3B1BD5503600492EBD /* Main.storyboard in Resources */ = {isa = PBXBuildFile; fileRef = 11D3CC391BD5503600492EBD /* Main.storyboard */; };
		11D3CC3D1BD5503600492EBD /* Assets.xcassets in Resources */ = {isa = PBXBuildFile; fileRef = 11D3CC3C1BD5503600492EBD /* Assets.xcassets */; };
		11D3CC401BD5503600492EBD /* LaunchScreen.storyboard in Resources */ = {isa = PBXBuildFile; fileRef = 11D3CC3E1BD5503600492EBD /* LaunchScreen.storyboard */; };
		11D3CC4B1BD5503600492EBD /* Demo1Tests.swift in Sources */ = {isa = PBXBuildFile; fileRef = 11D3CC4A1BD5503600492EBD /* Demo1Tests.swift */; };
		11D3CC561BD5503600492EBD /* Demo1UITests.swift in Sources */ = {isa = PBXBuildFile; fileRef = 11D3CC551BD5503600492EBD /* Demo1UITests.swift */; };
/* End PBXBuildFile section */

/* Begin PBXContainerItemProxy section */
		11D3CC471BD5503600492EBD /* PBXContainerItemProxy */ = {
			isa = PBXContainerItemProxy;
			containerPortal = 11D3CC2A1BD5503600492EBD /* Project object */;
			proxyType = 1;
			remoteGlobalIDString = 11D3CC311BD5503600492EBD;
			remoteInfo = Demo1;
		};
		11D3CC521BD5503600492EBD /* PBXContainerItemProxy */ = {
			isa = PBXContainerItemProxy;
			containerPortal = 11D3CC2A1BD5503600492EBD /* Project object */;
			proxyType = 1;
			remoteGlobalIDString = 11D3CC311BD5503600492EBD;
			remoteInfo = Demo1;
		};
/* End PBXContainerItemProxy section */

/* Begin PBXFileReference section */
		11B1AAFD1BD6AA310010E5C6 /* CurrencyModel.swift */ = {isa = PBXFileReference; fileEncoding = 4; lastKnownFileType = sourcecode.swift; name = CurrencyModel.swift; path = ../CurrencyModel.swift; sourceTree = "<group>"; };
		11D3CC321BD5503600492EBD /* DN1.app */ = {isa = PBXFileReference; explicitFileType = wrapper.application; includeInIndex = 0; path = DN1.app; sourceTree = BUILT_PRODUCTS_DIR; };
		11D3CC351BD5503600492EBD /* AppDelegate.swift */ = {isa = PBXFileReference; lastKnownFileType = sourcecode.swift; path = AppDelegate.swift; sourceTree = "<group>"; };
		11D3CC371BD5503600492EBD /* FirstViewController.swift */ = {isa = PBXFileReference; lastKnownFileType = sourcecode.swift; path = FirstViewController.swift; sourceTree = "<group>"; };
		11D3CC3A1BD5503600492EBD /* Base */ = {isa = PBXFileReference; lastKnownFileType = file.storyboard; name = Base; path = Base.lproj/Main.storyboard; sourceTree = "<group>"; };
		11D3CC3C1BD5503600492EBD /* Assets.xcassets */ = {isa = PBXFileReference; lastKnownFileType = folder.assetcatalog; path = Assets.xcassets; sourceTree = "<group>"; };
		11D3CC3F1BD5503600492EBD /* Base */ = {isa = PBXFileReference; lastKnownFileType = file.storyboard; name = Base; path = Base.lproj/LaunchScreen.storyboard; sourceTree = "<group>"; };
		11D3CC411BD5503600492EBD /* Info.plist */ = {isa = PBXFileReference; lastKnownFileType = text.plist.xml; path = Info.plist; sourceTree = "<group>"; };
		11D3CC461BD5503600492EBD /* Demo1Tests.xctest */ = {isa = PBXFileReference; explicitFileType = wrapper.cfbundle; includeInIndex = 0; path = Demo1Tests.xctest; sourceTree = BUILT_PRODUCTS_DIR; };
		11D3CC4A1BD5503600492EBD /* Demo1Tests.swift */ = {isa = PBXFileReference; lastKnownFileType = sourcecode.swift; path = Demo1Tests.swift; sourceTree = "<group>"; };
		11D3CC4C1BD5503600492EBD /* Info.plist */ = {isa = PBXFileReference; lastKnownFileType = text.plist.xml; path = Info.plist; sourceTree = "<group>"; };
		11D3CC511BD5503600492EBD /* Demo1UITests.xctest */ = {isa = PBXFileReference; explicitFileType = wrapper.cfbundle; includeInIndex = 0; path = Demo1UITests.xctest; sourceTree = BUILT_PRODUCTS_DIR; };
		11D3CC551BD5503600492EBD /* Demo1UITests.swift */ = {isa = PBXFileReference; lastKnownFileType = sourcecode.swift; path = Demo1UITests.swift; sourceTree = "<group>"; };
		11D3CC571BD5503600492EBD /* Info.plist */ = {isa = PBXFileReference; lastKnownFileType = text.plist.xml; path = Info.plist; sourceTree = "<group>"; };
/* End PBXFileReference section */

/* Begin PBXFrameworksBuildPhase section */
		11D3CC2F1BD5503600492EBD /* Frameworks */ = {
			isa = PBXFrameworksBuildPhase;
			buildActionMask = 2147483647;
			files = (
			);
			runOnlyForDeploymentPostprocessing = 0;
		};
		11D3CC431BD5503600492EBD /* Frameworks */ = {
			isa = PBXFrameworksBuildPhase;
			buildActionMask = 2147483647;
			files = (
			);
			runOnlyForDeploymentPostprocessing = 0;
		};
		11D3CC4E1BD5503600492EBD /* Frameworks */ = {
			isa = PBXFrameworksBuildPhase;
			buildActionMask = 2147483647;
			files = (
			);
			runOnlyForDeploymentPostprocessing = 0;
		};
/* End PBXFrameworksBuildPhase section */

/* Begin PBXGroup section */
		11D3CC291BD5503600492EBD = {
			isa = PBXGroup;
			children = (
				11D3CC341BD5503600492EBD /* Demo1 */,
				11D3CC491BD5503600492EBD /* Demo1Tests */,
				11D3CC541BD5503600492EBD /* Demo1UITests */,
				11D3CC331BD5503600492EBD /* Products */,
			);
			sourceTree = "<group>";
		};
		11D3CC331BD5503600492EBD /* Products */ = {
			isa = PBXGroup;
			children = (
				11D3CC321BD5503600492EBD /* DN1.app */,
				11D3CC461BD5503600492EBD /* Demo1Tests.xctest */,
				11D3CC511BD5503600492EBD /* Demo1UITests.xctest */,
			);
			name = Products;
			sourceTree = "<group>";
		};
		11D3CC341BD5503600492EBD /* Demo1 */ = {
			isa = PBXGroup;
			children = (
				11B1AAFD1BD6AA310010E5C6 /* CurrencyModel.swift */,
				11D3CC351BD5503600492EBD /* AppDelegate.swift */,
				11D3CC371BD5503600492EBD /* FirstViewController.swift */,
				11D3CC391BD5503600492EBD /* Main.storyboard */,
				11D3CC3C1BD5503600492EBD /* Assets.xcassets */,
				11D3CC3E1BD5503600492EBD /* LaunchScreen.storyboard */,
				11D3CC411BD5503600492EBD /* Info.plist */,
			);
			path = Demo1;
			sourceTree = "<group>";
		};
		11D3CC491BD5503600492EBD /* Demo1Tests */ = {
			isa = PBXGroup;
			children = (
				11D3CC4A1BD5503600492EBD /* Demo1Tests.swift */,
				11D3CC4C1BD5503600492EBD /* Info.plist */,
			);
			path = Demo1Tests;
			sourceTree = "<group>";
		};
		11D3CC541BD5503600492EBD /* Demo1UITests */ = {
			isa = PBXGroup;
			children = (
				11D3CC551BD5503600492EBD /* Demo1UITests.swift */,
				11D3CC571BD5503600492EBD /* Info.plist */,
			);
			path = Demo1UITests;
			sourceTree = "<group>";
		};
/* End PBXGroup section */

/* Begin PBXNativeTarget section */
		11D3CC311BD5503600492EBD /* DN1 */ = {
			isa = PBXNativeTarget;
			buildConfigurationList = 11D3CC5A1BD5503600492EBD /* Build configuration list for PBXNativeTarget "DN1" */;
			buildPhases = (
				11D3CC2E1BD5503600492EBD /* Sources */,
				11D3CC2F1BD5503600492EBD /* Frameworks */,
				11D3CC301BD5503600492EBD /* Resources */,
			);
			buildRules = (
			);
			dependencies = (
			);
			name = DN1;
			productName = Demo1;
			productReference = 11D3CC321BD5503600492EBD /* DN1.app */;
			productType = "com.apple.product-type.application";
		};
		11D3CC451BD5503600492EBD /* Demo1Tests */ = {
			isa = PBXNativeTarget;
			buildConfigurationList = 11D3CC5D1BD5503600492EBD /* Build configuration list for PBXNativeTarget "Demo1Tests" */;
			buildPhases = (
				11D3CC421BD5503600492EBD /* Sources */,
				11D3CC431BD5503600492EBD /* Frameworks */,
				11D3CC441BD5503600492EBD /* Resources */,
			);
			buildRules = (
			);
			dependencies = (
				11D3CC481BD5503600492EBD /* PBXTargetDependency */,
			);
			name = Demo1Tests;
			productName = Demo1Tests;
			productReference = 11D3CC461BD5503600492EBD /* Demo1Tests.xctest */;
			productType = "com.apple.product-type.bundle.unit-test";
		};
		11D3CC501BD5503600492EBD /* Demo1UITests */ = {
			isa = PBXNativeTarget;
			buildConfigurationList = 11D3CC601BD5503600492EBD /* Build configuration list for PBXNativeTarget "Demo1UITests" */;
			buildPhases = (
				11D3CC4D1BD5503600492EBD /* Sources */,
				11D3CC4E1BD5503600492EBD /* Frameworks */,
				11D3CC4F1BD5503600492EBD /* Resources */,
			);
			buildRules = (
			);
			dependencies = (
				11D3CC531BD5503600492EBD /* PBXTargetDependency */,
			);
			name = Demo1UITests;
			productName = Demo1UITests;
			productReference = 11D3CC511BD5503600492EBD /* Demo1UITests.xctest */;
			productType = "com.apple.product-type.bundle.ui-testing";
		};
/* End PBXNativeTarget section */

/* Begin PBXProject section */
		11D3CC2A1BD5503600492EBD /* Project object */ = {
			isa = PBXProject;
			attributes = {
				LastUpgradeCheck = 0700;
				ORGANIZATIONNAME = "miha perne";
				TargetAttributes = {
					11D3CC311BD5503600492EBD = {
						CreatedOnToolsVersion = 7.0.1;
						DevelopmentTeam = N7ZBAY8RU5;
					};
					11D3CC451BD5503600492EBD = {
						CreatedOnToolsVersion = 7.0.1;
						DevelopmentTeam = N7ZBAY8RU5;
						TestTargetID = 11D3CC311BD5503600492EBD;
					};
					11D3CC501BD5503600492EBD = {
						CreatedOnToolsVersion = 7.0.1;
						DevelopmentTeam = N7ZBAY8RU5;
						TestTargetID = 11D3CC311BD5503600492EBD;
					};
				};
			};
			buildConfigurationList = 11D3CC2D1BD5503600492EBD /* Build configuration list for PBXProject "Demo1" */;
			compatibilityVersion = "Xcode 3.2";
			developmentRegion = English;
			hasScannedForEncodings = 0;
			knownRegions = (
				en,
				Base,
			);
			mainGroup = 11D3CC291BD5503600492EBD;
			productRefGroup = 11D3CC331BD5503600492EBD /* Products */;
			projectDirPath = "";
			projectRoot = "";
			targets = (
				11D3CC311BD5503600492EBD /* DN1 */,
				11D3CC451BD5503600492EBD /* Demo1Tests */,
				11D3CC501BD5503600492EBD /* Demo1UITests */,
			);
		};
/* End PBXProject section */

/* Begin PBXResourcesBuildPhase section */
		11D3CC301BD5503600492EBD /* Resources */ = {
			isa = PBXResourcesBuildPhase;
			buildActionMask = 2147483647;
			files = (
				11D3CC401BD5503600492EBD /* LaunchScreen.storyboard in Resources */,
				11D3CC3D1BD5503600492EBD /* Assets.xcassets in Resources */,
				11D3CC3B1BD5503600492EBD /* Main.storyboard in Resources */,
			);
			runOnlyForDeploymentPostprocessing = 0;
		};
		11D3CC441BD5503600492EBD /* Resources */ = {
			isa = PBXResourcesBuildPhase;
			buildActionMask = 2147483647;
			files = (
			);
			runOnlyForDeploymentPostprocessing = 0;
		};
		11D3CC4F1BD5503600492EBD /* Resources */ = {
			isa = PBXResourcesBuildPhase;
			buildActionMask = 2147483647;
			files = (
			);
			runOnlyForDeploymentPostprocessing = 0;
		};
/* End PBXResourcesBuildPhase section */

/* Begin PBXSourcesBuildPhase section */
		11D3CC2E1BD5503600492EBD /* Sources */ = {
			isa = PBXSourcesBuildPhase;
			buildActionMask = 2147483647;
			files = (
				11D3CC381BD5503600492EBD /* FirstViewController.swift in Sources */,
				11D3CC361BD5503600492EBD /* AppDelegate.swift in Sources */,
				11B1AAFE1BD6AA310010E5C6 /* CurrencyModel.swift in Sources */,
			);
			runOnlyForDeploymentPostprocessing = 0;
		};
		11D3CC421BD5503600492EBD /* Sources */ = {
			isa = PBXSourcesBuildPhase;
			buildActionMask = 2147483647;
			files = (
				11D3CC4B1BD5503600492EBD /* Demo1Tests.swift in Sources */,
			);
			runOnlyForDeploymentPostprocessing = 0;
		};
		11D3CC4D1BD5503600492EBD /* Sources */ = {
			isa = PBXSourcesBuildPhase;
			buildActionMask = 2147483647;
			files = (
				11D3CC561BD5503600492EBD /* Demo1UITests.swift in Sources */,
			);
			runOnlyForDeploymentPostprocessing = 0;
		};
/* End PBXSourcesBuildPhase section */

/* Begin PBXTargetDependency section */
		11D3CC481BD5503600492EBD /* PBXTargetDependency */ = {
			isa = PBXTargetDependency;
			target = 11D3CC311BD5503600492EBD /* DN1 */;
			targetProxy = 11D3CC471BD5503600492EBD /* PBXContainerItemProxy */;
		};
		11D3CC531BD5503600492EBD /* PBXTargetDependency */ = {
			isa = PBXTargetDependency;
			target = 11D3CC311BD5503600492EBD /* DN1 */;
			targetProxy = 11D3CC521BD5503600492EBD /* PBXContainerItemProxy */;
		};
/* End PBXTargetDependency section */

/* Begin PBXVariantGroup section */
		11D3CC391BD5503600492EBD /* Main.storyboard */ = {
			isa = PBXVariantGroup;
			children = (
				11D3CC3A1BD5503600492EBD /* Base */,
			);
			name = Main.storyboard;
			sourceTree = "<group>";
		};
		11D3CC3E1BD5503600492EBD /* LaunchScreen.storyboard */ = {
			isa = PBXVariantGroup;
			children = (
				11D3CC3F1BD5503600492EBD /* Base */,
			);
			name = LaunchScreen.storyboard;
			sourceTree = "<group>";
		};
/* End PBXVariantGroup section */

/* Begin XCBuildConfiguration section */
		11D3CC581BD5503600492EBD /* Debug */ = {
			isa = XCBuildConfiguration;
			buildSettings = {
				ALWAYS_SEARCH_USER_PATHS = NO;
				CLANG_CXX_LANGUAGE_STANDARD = "gnu++0x";
				CLANG_CXX_LIBRARY = "libc++";
				CLANG_ENABLE_MODULES = YES;
				CLANG_ENABLE_OBJC_ARC = YES;
				CLANG_WARN_BOOL_CONVERSION = YES;
				CLANG_WARN_CONSTANT_CONVERSION = YES;
				CLANG_WARN_DIRECT_OBJC_ISA_USAGE = YES_ERROR;
				CLANG_WARN_EMPTY_BODY = YES;
				CLANG_WARN_ENUM_CONVERSION = YES;
				CLANG_WARN_INT_CONVERSION = YES;
				CLANG_WARN_OBJC_ROOT_CLASS = YES_ERROR;
				CLANG_WARN_UNREACHABLE_CODE = YES;
				CLANG_WARN__DUPLICATE_METHOD_MATCH = YES;
				"CODE_SIGN_IDENTITY[sdk=iphoneos*]" = "iPhone Developer";
				COPY_PHASE_STRIP = NO;
				DEBUG_INFORMATION_FORMAT = dwarf;
				ENABLE_STRICT_OBJC_MSGSEND = YES;
				ENABLE_TESTABILITY = YES;
				GCC_C_LANGUAGE_STANDARD = gnu99;
				GCC_DYNAMIC_NO_PIC = NO;
				GCC_NO_COMMON_BLOCKS = YES;
				GCC_OPTIMIZATION_LEVEL = 0;
				GCC_PREPROCESSOR_DEFINITIONS = (
					"DEBUG=1",
					"$(inherited)",
				);
				GCC_WARN_64_TO_32_BIT_CONVERSION = YES;
				GCC_WARN_ABOUT_RETURN_TYPE = YES_ERROR;
				GCC_WARN_UNDECLARED_SELECTOR = YES;
				GCC_WARN_UNINITIALIZED_AUTOS = YES_AGGRESSIVE;
				GCC_WARN_UNUSED_FUNCTION = YES;
				GCC_WARN_UNUSED_VARIABLE = YES;
				IPHONEOS_DEPLOYMENT_TARGET = 9.0;
				MTL_ENABLE_DEBUG_INFO = YES;
				ONLY_ACTIVE_ARCH = YES;
				SDKROOT = iphoneos;
				SWIFT_OPTIMIZATION_LEVEL = "-Onone";
				TARGETED_DEVICE_FAMILY = "1,2";
			};
			name = Debug;
		};
		11D3CC591BD5503600492EBD /* Release */ = {
			isa = XCBuildConfiguration;
			buildSettings = {
				ALWAYS_SEARCH_USER_PATHS = NO;
				CLANG_CXX_LANGUAGE_STANDARD = "gnu++0x";
				CLANG_CXX_LIBRARY = "libc++";
				CLANG_ENABLE_MODULES = YES;
				CLANG_ENABLE_OBJC_ARC = YES;
				CLANG_WARN_BOOL_CONVERSION = YES;
				CLANG_WARN_CONSTANT_CONVERSION = YES;
				CLANG_WARN_DIRECT_OBJC_ISA_USAGE = YES_ERROR;
				CLANG_WARN_EMPTY_BODY = YES;
				CLANG_WARN_ENUM_CONVERSION = YES;
				CLANG_WARN_INT_CONVERSION = YES;
				CLANG_WARN_OBJC_ROOT_CLASS = YES_ERROR;
				CLANG_WARN_UNREACHABLE_CODE = YES;
				CLANG_WARN__DUPLICATE_METHOD_MATCH = YES;
				"CODE_SIGN_IDENTITY[sdk=iphoneos*]" = "iPhone Developer";
				COPY_PHASE_STRIP = NO;
				DEBUG_INFORMATION_FORMAT = "dwarf-with-dsym";
				ENABLE_NS_ASSERTIONS = NO;
				ENABLE_STRICT_OBJC_MSGSEND = YES;
				GCC_C_LANGUAGE_STANDARD = gnu99;
				GCC_NO_COMMON_BLOCKS = YES;
				GCC_WARN_64_TO_32_BIT_CONVERSION = YES;
				GCC_WARN_ABOUT_RETURN_TYPE = YES_ERROR;
				GCC_WARN_UNDECLARED_SELECTOR = YES;
				GCC_WARN_UNINITIALIZED_AUTOS = YES_AGGRESSIVE;
				GCC_WARN_UNUSED_FUNCTION = YES;
				GCC_WARN_UNUSED_VARIABLE = YES;
				IPHONEOS_DEPLOYMENT_TARGET = 9.0;
				MTL_ENABLE_DEBUG_INFO = NO;
				SDKROOT = iphoneos;
				TARGETED_DEVICE_FAMILY = "1,2";
				VALIDATE_PRODUCT = YES;
			};
			name = Release;
		};
		11D3CC5B1BD5503600492EBD /* Debug */ = {
			isa = XCBuildConfiguration;
			buildSettings = {
				ASSETCATALOG_COMPILER_APPICON_NAME = AppIcon;
				INFOPLIST_FILE = Demo1/Info.plist;
				LD_RUNPATH_SEARCH_PATHS = "$(inherited) @executable_path/Frameworks";
				PRODUCT_BUNDLE_IDENTIFIER = co.perne.Demo1;
				PRODUCT_NAME = "$(TARGET_NAME)";
			};
			name = Debug;
		};
		11D3CC5C1BD5503600492EBD /* Release */ = {
			isa = XCBuildConfiguration;
			buildSettings = {
				ASSETCATALOG_COMPILER_APPICON_NAME = AppIcon;
				INFOPLIST_FILE = Demo1/Info.plist;
				LD_RUNPATH_SEARCH_PATHS = "$(inherited) @executable_path/Frameworks";
				PRODUCT_BUNDLE_IDENTIFIER = co.perne.Demo1;
				PRODUCT_NAME = "$(TARGET_NAME)";
			};
			name = Release;
		};
		11D3CC5E1BD5503600492EBD /* Debug */ = {
			isa = XCBuildConfiguration;
			buildSettings = {
				BUNDLE_LOADER = "$(TEST_HOST)";
				INFOPLIST_FILE = Demo1Tests/Info.plist;
				LD_RUNPATH_SEARCH_PATHS = "$(inherited) @executable_path/Frameworks @loader_path/Frameworks";
				PRODUCT_BUNDLE_IDENTIFIER = co.perne.Demo1Tests;
				PRODUCT_NAME = "$(TARGET_NAME)";
				TEST_HOST = "$(BUILT_PRODUCTS_DIR)/Demo1.app/Demo1";
			};
			name = Debug;
		};
		11D3CC5F1BD5503600492EBD /* Release */ = {
			isa = XCBuildConfiguration;
			buildSettings = {
				BUNDLE_LOADER = "$(TEST_HOST)";
				INFOPLIST_FILE = Demo1Tests/Info.plist;
				LD_RUNPATH_SEARCH_PATHS = "$(inherited) @executable_path/Frameworks @loader_path/Frameworks";
				PRODUCT_BUNDLE_IDENTIFIER = co.perne.Demo1Tests;
				PRODUCT_NAME = "$(TARGET_NAME)";
				TEST_HOST = "$(BUILT_PRODUCTS_DIR)/Demo1.app/Demo1";
			};
			name = Release;
		};
		11D3CC611BD5503600492EBD /* Debug */ = {
			isa = XCBuildConfiguration;
			buildSettings = {
				INFOPLIST_FILE = Demo1UITests/Info.plist;
				LD_RUNPATH_SEARCH_PATHS = "$(inherited) @executable_path/Frameworks @loader_path/Frameworks";
				PRODUCT_BUNDLE_IDENTIFIER = co.perne.Demo1UITests;
				PRODUCT_NAME = "$(TARGET_NAME)";
				TEST_TARGET_NAME = Demo1;
				USES_XCTRUNNER = YES;
			};
			name = Debug;
		};
		11D3CC621BD5503600492EBD /* Release */ = {
			isa = XCBuildConfiguration;
			buildSettings = {
				INFOPLIST_FILE = Demo1UITests/Info.plist;
				LD_RUNPATH_SEARCH_PATHS = "$(inherited) @executable_path/Frameworks @loader_path/Frameworks";
				PRODUCT_BUNDLE_IDENTIFIER = co.perne.Demo1UITests;
				PRODUCT_NAME = "$(TARGET_NAME)";
				TEST_TARGET_NAME = Demo1;
				USES_XCTRUNNER = YES;
			};
			name = Release;
		};
/* End XCBuildConfiguration section */

/* Begin XCConfigurationList section */
		11D3CC2D1BD5503600492EBD /* Build configuration list for PBXProject "Demo1" */ = {
			isa = XCConfigurationList;
			buildConfigurations = (
				11D3CC581BD5503600492EBD /* Debug */,
				11D3CC591BD5503600492EBD /* Release */,
			);
			defaultConfigurationIsVisible = 0;
			defaultConfigurationName = Release;
		};
		11D3CC5A1BD5503600492EBD /* Build configuration list for PBXNativeTarget "DN1" */ = {
			isa = XCConfigurationList;
			buildConfigurations = (
				11D3CC5B1BD5503600492EBD /* Debug */,
				11D3CC5C1BD5503600492EBD /* Release */,
			);
			defaultConfigurationIsVisible = 0;
			defaultConfigurationName = Release;
		};
		11D3CC5D1BD5503600492EBD /* Build configuration list for PBXNativeTarget "Demo1Tests" */ = {
			isa = XCConfigurationList;
			buildConfigurations = (
				11D3CC5E1BD5503600492EBD /* Debug */,
				11D3CC5F1BD5503600492EBD /* Release */,
			);
			defaultConfigurationIsVisible = 0;
			defaultConfigurationName = Release;
		};
		11D3CC601BD5503600492EBD /* Build configuration list for PBXNativeTarget "Demo1UITests" */ = {
			isa = XCConfigurationList;
			buildConfigurations = (
				11D3CC611BD5503600492EBD /* Debug */,
				11D3CC621BD5503600492EBD /* Release */,
			);
			defaultConfigurationIsVisible = 0;
			defaultConfigurationName = Release;
		};
/* End XCConfigurationList section */
	};
	rootObject = 11D3CC2A1BD5503600492EBD /* Project object */;
}
