// !$*UTF8*$!
{
	archiveVersion = 1;
	classes = {
	};
	objectVersion = 46;
	objects = {

/* Begin PBXBuildFile section */
		114BF2541BEBC82D0035A6C1 /* AppDelegate.swift in Sources */ = {isa = PBXBuildFile; fileRef = 114BF2531BEBC82D0035A6C1 /* AppDelegate.swift */; };
		114BF2561BEBC82D0035A6C1 /* ViewController.swift in Sources */ = {isa = PBXBuildFile; fileRef = 114BF2551BEBC82D0035A6C1 /* ViewController.swift */; };
		114BF2591BEBC82D0035A6C1 /* Main.storyboard in Resources */ = {isa = PBXBuildFile; fileRef = 114BF2571BEBC82D0035A6C1 /* Main.storyboard */; };
		114BF25B1BEBC82D0035A6C1 /* Assets.xcassets in Resources */ = {isa = PBXBuildFile; fileRef = 114BF25A1BEBC82D0035A6C1 /* Assets.xcassets */; };
		114BF25E1BEBC82D0035A6C1 /* LaunchScreen.storyboard in Resources */ = {isa = PBXBuildFile; fileRef = 114BF25C1BEBC82D0035A6C1 /* LaunchScreen.storyboard */; };
		114BF2691BEBC82E0035A6C1 /* demoTests.swift in Sources */ = {isa = PBXBuildFile; fileRef = 114BF2681BEBC82E0035A6C1 /* demoTests.swift */; };
		114BF2741BEBC82E0035A6C1 /* demoUITests.swift in Sources */ = {isa = PBXBuildFile; fileRef = 114BF2731BEBC82E0035A6C1 /* demoUITests.swift */; };
/* End PBXBuildFile section */

/* Begin PBXContainerItemProxy section */
		114BF2651BEBC82E0035A6C1 /* PBXContainerItemProxy */ = {
			isa = PBXContainerItemProxy;
			containerPortal = 114BF2481BEBC82D0035A6C1 /* Project object */;
			proxyType = 1;
			remoteGlobalIDString = 114BF24F1BEBC82D0035A6C1;
			remoteInfo = demo;
		};
		114BF2701BEBC82E0035A6C1 /* PBXContainerItemProxy */ = {
			isa = PBXContainerItemProxy;
			containerPortal = 114BF2481BEBC82D0035A6C1 /* Project object */;
			proxyType = 1;
			remoteGlobalIDString = 114BF24F1BEBC82D0035A6C1;
			remoteInfo = demo;
		};
/* End PBXContainerItemProxy section */

/* Begin PBXFileReference section */
		114BF2501BEBC82D0035A6C1 /* demo.app */ = {isa = PBXFileReference; explicitFileType = wrapper.application; includeInIndex = 0; path = demo.app; sourceTree = BUILT_PRODUCTS_DIR; };
		114BF2531BEBC82D0035A6C1 /* AppDelegate.swift */ = {isa = PBXFileReference; lastKnownFileType = sourcecode.swift; path = AppDelegate.swift; sourceTree = "<group>"; };
		114BF2551BEBC82D0035A6C1 /* ViewController.swift */ = {isa = PBXFileReference; lastKnownFileType = sourcecode.swift; path = ViewController.swift; sourceTree = "<group>"; };
		114BF2581BEBC82D0035A6C1 /* Base */ = {isa = PBXFileReference; lastKnownFileType = file.storyboard; name = Base; path = Base.lproj/Main.storyboard; sourceTree = "<group>"; };
		114BF25A1BEBC82D0035A6C1 /* Assets.xcassets */ = {isa = PBXFileReference; lastKnownFileType = folder.assetcatalog; path = Assets.xcassets; sourceTree = "<group>"; };
		114BF25D1BEBC82D0035A6C1 /* Base */ = {isa = PBXFileReference; lastKnownFileType = file.storyboard; name = Base; path = Base.lproj/LaunchScreen.storyboard; sourceTree = "<group>"; };
		114BF25F1BEBC82D0035A6C1 /* Info.plist */ = {isa = PBXFileReference; lastKnownFileType = text.plist.xml; path = Info.plist; sourceTree = "<group>"; };
		114BF2641BEBC82E0035A6C1 /* demoTests.xctest */ = {isa = PBXFileReference; explicitFileType = wrapper.cfbundle; includeInIndex = 0; path = demoTests.xctest; sourceTree = BUILT_PRODUCTS_DIR; };
		114BF2681BEBC82E0035A6C1 /* demoTests.swift */ = {isa = PBXFileReference; lastKnownFileType = sourcecode.swift; path = demoTests.swift; sourceTree = "<group>"; };
		114BF26A1BEBC82E0035A6C1 /* Info.plist */ = {isa = PBXFileReference; lastKnownFileType = text.plist.xml; path = Info.plist; sourceTree = "<group>"; };
		114BF26F1BEBC82E0035A6C1 /* demoUITests.xctest */ = {isa = PBXFileReference; explicitFileType = wrapper.cfbundle; includeInIndex = 0; path = demoUITests.xctest; sourceTree = BUILT_PRODUCTS_DIR; };
		114BF2731BEBC82E0035A6C1 /* demoUITests.swift */ = {isa = PBXFileReference; lastKnownFileType = sourcecode.swift; path = demoUITests.swift; sourceTree = "<group>"; };
		114BF2751BEBC82E0035A6C1 /* Info.plist */ = {isa = PBXFileReference; lastKnownFileType = text.plist.xml; path = Info.plist; sourceTree = "<group>"; };
/* End PBXFileReference section */

/* Begin PBXFrameworksBuildPhase section */
		114BF24D1BEBC82D0035A6C1 /* Frameworks */ = {
			isa = PBXFrameworksBuildPhase;
			buildActionMask = 2147483647;
			files = (
			);
			runOnlyForDeploymentPostprocessing = 0;
		};
		114BF2611BEBC82E0035A6C1 /* Frameworks */ = {
			isa = PBXFrameworksBuildPhase;
			buildActionMask = 2147483647;
			files = (
			);
			runOnlyForDeploymentPostprocessing = 0;
		};
		114BF26C1BEBC82E0035A6C1 /* Frameworks */ = {
			isa = PBXFrameworksBuildPhase;
			buildActionMask = 2147483647;
			files = (
			);
			runOnlyForDeploymentPostprocessing = 0;
		};
/* End PBXFrameworksBuildPhase section */

/* Begin PBXGroup section */
		114BF2471BEBC82D0035A6C1 = {
			isa = PBXGroup;
			children = (
				114BF2521BEBC82D0035A6C1 /* demo */,
				114BF2671BEBC82E0035A6C1 /* demoTests */,
				114BF2721BEBC82E0035A6C1 /* demoUITests */,
				114BF2511BEBC82D0035A6C1 /* Products */,
			);
			sourceTree = "<group>";
		};
		114BF2511BEBC82D0035A6C1 /* Products */ = {
			isa = PBXGroup;
			children = (
				114BF2501BEBC82D0035A6C1 /* demo.app */,
				114BF2641BEBC82E0035A6C1 /* demoTests.xctest */,
				114BF26F1BEBC82E0035A6C1 /* demoUITests.xctest */,
			);
			name = Products;
			sourceTree = "<group>";
		};
		114BF2521BEBC82D0035A6C1 /* demo */ = {
			isa = PBXGroup;
			children = (
				114BF2531BEBC82D0035A6C1 /* AppDelegate.swift */,
				114BF2551BEBC82D0035A6C1 /* ViewController.swift */,
				114BF2571BEBC82D0035A6C1 /* Main.storyboard */,
				114BF25A1BEBC82D0035A6C1 /* Assets.xcassets */,
				114BF25C1BEBC82D0035A6C1 /* LaunchScreen.storyboard */,
				114BF25F1BEBC82D0035A6C1 /* Info.plist */,
			);
			path = demo;
			sourceTree = "<group>";
		};
		114BF2671BEBC82E0035A6C1 /* demoTests */ = {
			isa = PBXGroup;
			children = (
				114BF2681BEBC82E0035A6C1 /* demoTests.swift */,
				114BF26A1BEBC82E0035A6C1 /* Info.plist */,
			);
			path = demoTests;
			sourceTree = "<group>";
		};
		114BF2721BEBC82E0035A6C1 /* demoUITests */ = {
			isa = PBXGroup;
			children = (
				114BF2731BEBC82E0035A6C1 /* demoUITests.swift */,
				114BF2751BEBC82E0035A6C1 /* Info.plist */,
			);
			path = demoUITests;
			sourceTree = "<group>";
		};
/* End PBXGroup section */

/* Begin PBXNativeTarget section */
		114BF24F1BEBC82D0035A6C1 /* demo */ = {
			isa = PBXNativeTarget;
			buildConfigurationList = 114BF2781BEBC82E0035A6C1 /* Build configuration list for PBXNativeTarget "demo" */;
			buildPhases = (
				114BF24C1BEBC82D0035A6C1 /* Sources */,
				114BF24D1BEBC82D0035A6C1 /* Frameworks */,
				114BF24E1BEBC82D0035A6C1 /* Resources */,
			);
			buildRules = (
			);
			dependencies = (
			);
			name = demo;
			productName = demo;
			productReference = 114BF2501BEBC82D0035A6C1 /* demo.app */;
			productType = "com.apple.product-type.application";
		};
		114BF2631BEBC82E0035A6C1 /* demoTests */ = {
			isa = PBXNativeTarget;
			buildConfigurationList = 114BF27B1BEBC82E0035A6C1 /* Build configuration list for PBXNativeTarget "demoTests" */;
			buildPhases = (
				114BF2601BEBC82E0035A6C1 /* Sources */,
				114BF2611BEBC82E0035A6C1 /* Frameworks */,
				114BF2621BEBC82E0035A6C1 /* Resources */,
			);
			buildRules = (
			);
			dependencies = (
				114BF2661BEBC82E0035A6C1 /* PBXTargetDependency */,
			);
			name = demoTests;
			productName = demoTests;
			productReference = 114BF2641BEBC82E0035A6C1 /* demoTests.xctest */;
			productType = "com.apple.product-type.bundle.unit-test";
		};
		114BF26E1BEBC82E0035A6C1 /* demoUITests */ = {
			isa = PBXNativeTarget;
			buildConfigurationList = 114BF27E1BEBC82E0035A6C1 /* Build configuration list for PBXNativeTarget "demoUITests" */;
			buildPhases = (
				114BF26B1BEBC82E0035A6C1 /* Sources */,
				114BF26C1BEBC82E0035A6C1 /* Frameworks */,
				114BF26D1BEBC82E0035A6C1 /* Resources */,
			);
			buildRules = (
			);
			dependencies = (
				114BF2711BEBC82E0035A6C1 /* PBXTargetDependency */,
			);
			name = demoUITests;
			productName = demoUITests;
			productReference = 114BF26F1BEBC82E0035A6C1 /* demoUITests.xctest */;
			productType = "com.apple.product-type.bundle.ui-testing";
		};
/* End PBXNativeTarget section */

/* Begin PBXProject section */
		114BF2481BEBC82D0035A6C1 /* Project object */ = {
			isa = PBXProject;
			attributes = {
				LastSwiftUpdateCheck = 0710;
				LastUpgradeCheck = 0710;
				ORGANIZATIONNAME = "miha perne";
				TargetAttributes = {
					114BF24F1BEBC82D0035A6C1 = {
						CreatedOnToolsVersion = 7.1;
						DevelopmentTeam = N7ZBAY8RU5;
					};
					114BF2631BEBC82E0035A6C1 = {
						CreatedOnToolsVersion = 7.1;
						DevelopmentTeam = N7ZBAY8RU5;
						TestTargetID = 114BF24F1BEBC82D0035A6C1;
					};
					114BF26E1BEBC82E0035A6C1 = {
						CreatedOnToolsVersion = 7.1;
						DevelopmentTeam = N7ZBAY8RU5;
						TestTargetID = 114BF24F1BEBC82D0035A6C1;
					};
				};
			};
			buildConfigurationList = 114BF24B1BEBC82D0035A6C1 /* Build configuration list for PBXProject "demo" */;
			compatibilityVersion = "Xcode 3.2";
			developmentRegion = English;
			hasScannedForEncodings = 0;
			knownRegions = (
				en,
				Base,
			);
			mainGroup = 114BF2471BEBC82D0035A6C1;
			productRefGroup = 114BF2511BEBC82D0035A6C1 /* Products */;
			projectDirPath = "";
			projectRoot = "";
			targets = (
				114BF24F1BEBC82D0035A6C1 /* demo */,
				114BF2631BEBC82E0035A6C1 /* demoTests */,
				114BF26E1BEBC82E0035A6C1 /* demoUITests */,
			);
		};
/* End PBXProject section */

/* Begin PBXResourcesBuildPhase section */
		114BF24E1BEBC82D0035A6C1 /* Resources */ = {
			isa = PBXResourcesBuildPhase;
			buildActionMask = 2147483647;
			files = (
				114BF25E1BEBC82D0035A6C1 /* LaunchScreen.storyboard in Resources */,
				114BF25B1BEBC82D0035A6C1 /* Assets.xcassets in Resources */,
				114BF2591BEBC82D0035A6C1 /* Main.storyboard in Resources */,
			);
			runOnlyForDeploymentPostprocessing = 0;
		};
		114BF2621BEBC82E0035A6C1 /* Resources */ = {
			isa = PBXResourcesBuildPhase;
			buildActionMask = 2147483647;
			files = (
			);
			runOnlyForDeploymentPostprocessing = 0;
		};
		114BF26D1BEBC82E0035A6C1 /* Resources */ = {
			isa = PBXResourcesBuildPhase;
			buildActionMask = 2147483647;
			files = (
			);
			runOnlyForDeploymentPostprocessing = 0;
		};
/* End PBXResourcesBuildPhase section */

/* Begin PBXSourcesBuildPhase section */
		114BF24C1BEBC82D0035A6C1 /* Sources */ = {
			isa = PBXSourcesBuildPhase;
			buildActionMask = 2147483647;
			files = (
				114BF2561BEBC82D0035A6C1 /* ViewController.swift in Sources */,
				114BF2541BEBC82D0035A6C1 /* AppDelegate.swift in Sources */,
			);
			runOnlyForDeploymentPostprocessing = 0;
		};
		114BF2601BEBC82E0035A6C1 /* Sources */ = {
			isa = PBXSourcesBuildPhase;
			buildActionMask = 2147483647;
			files = (
				114BF2691BEBC82E0035A6C1 /* demoTests.swift in Sources */,
			);
			runOnlyForDeploymentPostprocessing = 0;
		};
		114BF26B1BEBC82E0035A6C1 /* Sources */ = {
			isa = PBXSourcesBuildPhase;
			buildActionMask = 2147483647;
			files = (
				114BF2741BEBC82E0035A6C1 /* demoUITests.swift in Sources */,
			);
			runOnlyForDeploymentPostprocessing = 0;
		};
/* End PBXSourcesBuildPhase section */

/* Begin PBXTargetDependency section */
		114BF2661BEBC82E0035A6C1 /* PBXTargetDependency */ = {
			isa = PBXTargetDependency;
			target = 114BF24F1BEBC82D0035A6C1 /* demo */;
			targetProxy = 114BF2651BEBC82E0035A6C1 /* PBXContainerItemProxy */;
		};
		114BF2711BEBC82E0035A6C1 /* PBXTargetDependency */ = {
			isa = PBXTargetDependency;
			target = 114BF24F1BEBC82D0035A6C1 /* demo */;
			targetProxy = 114BF2701BEBC82E0035A6C1 /* PBXContainerItemProxy */;
		};
/* End PBXTargetDependency section */

/* Begin PBXVariantGroup section */
		114BF2571BEBC82D0035A6C1 /* Main.storyboard */ = {
			isa = PBXVariantGroup;
			children = (
				114BF2581BEBC82D0035A6C1 /* Base */,
			);
			name = Main.storyboard;
			sourceTree = "<group>";
		};
		114BF25C1BEBC82D0035A6C1 /* LaunchScreen.storyboard */ = {
			isa = PBXVariantGroup;
			children = (
				114BF25D1BEBC82D0035A6C1 /* Base */,
			);
			name = LaunchScreen.storyboard;
			sourceTree = "<group>";
		};
/* End PBXVariantGroup section */

/* Begin XCBuildConfiguration section */
		114BF2761BEBC82E0035A6C1 /* Debug */ = {
			isa = XCBuildConfiguration;
			buildSettings = {
				ALWAYS_SEARCH_USER_PATHS = NO;
				CLANG_CXX_LANGUAGE_STANDARD = "gnu++0x";
				CLANG_CXX_LIBRARY = "libc++";
				CLANG_ENABLE_MODULES = YES;
				CLANG_ENABLE_OBJC_ARC = YES;
				CLANG_WARN_BOOL_CONVERSION = YES;
				CLANG_WARN_CONSTANT_CONVERSION = YES;
				CLANG_WARN_DIRECT_OBJC_ISA_USAGE = YES_ERROR;
				CLANG_WARN_EMPTY_BODY = YES;
				CLANG_WARN_ENUM_CONVERSION = YES;
				CLANG_WARN_INT_CONVERSION = YES;
				CLANG_WARN_OBJC_ROOT_CLASS = YES_ERROR;
				CLANG_WARN_UNREACHABLE_CODE = YES;
				CLANG_WARN__DUPLICATE_METHOD_MATCH = YES;
				"CODE_SIGN_IDENTITY[sdk=iphoneos*]" = "iPhone Developer";
				COPY_PHASE_STRIP = NO;
				DEBUG_INFORMATION_FORMAT = dwarf;
				ENABLE_STRICT_OBJC_MSGSEND = YES;
				ENABLE_TESTABILITY = YES;
				GCC_C_LANGUAGE_STANDARD = gnu99;
				GCC_DYNAMIC_NO_PIC = NO;
				GCC_NO_COMMON_BLOCKS = YES;
				GCC_OPTIMIZATION_LEVEL = 0;
				GCC_PREPROCESSOR_DEFINITIONS = (
					"DEBUG=1",
					"$(inherited)",
				);
				GCC_WARN_64_TO_32_BIT_CONVERSION = YES;
				GCC_WARN_ABOUT_RETURN_TYPE = YES_ERROR;
				GCC_WARN_UNDECLARED_SELECTOR = YES;
				GCC_WARN_UNINITIALIZED_AUTOS = YES_AGGRESSIVE;
				GCC_WARN_UNUSED_FUNCTION = YES;
				GCC_WARN_UNUSED_VARIABLE = YES;
				IPHONEOS_DEPLOYMENT_TARGET = 9.1;
				MTL_ENABLE_DEBUG_INFO = YES;
				ONLY_ACTIVE_ARCH = YES;
				SDKROOT = iphoneos;
				SWIFT_OPTIMIZATION_LEVEL = "-Onone";
			};
			name = Debug;
		};
		114BF2771BEBC82E0035A6C1 /* Release */ = {
			isa = XCBuildConfiguration;
			buildSettings = {
				ALWAYS_SEARCH_USER_PATHS = NO;
				CLANG_CXX_LANGUAGE_STANDARD = "gnu++0x";
				CLANG_CXX_LIBRARY = "libc++";
				CLANG_ENABLE_MODULES = YES;
				CLANG_ENABLE_OBJC_ARC = YES;
				CLANG_WARN_BOOL_CONVERSION = YES;
				CLANG_WARN_CONSTANT_CONVERSION = YES;
				CLANG_WARN_DIRECT_OBJC_ISA_USAGE = YES_ERROR;
				CLANG_WARN_EMPTY_BODY = YES;
				CLANG_WARN_ENUM_CONVERSION = YES;
				CLANG_WARN_INT_CONVERSION = YES;
				CLANG_WARN_OBJC_ROOT_CLASS = YES_ERROR;
				CLANG_WARN_UNREACHABLE_CODE = YES;
				CLANG_WARN__DUPLICATE_METHOD_MATCH = YES;
				"CODE_SIGN_IDENTITY[sdk=iphoneos*]" = "iPhone Developer";
				COPY_PHASE_STRIP = NO;
				DEBUG_INFORMATION_FORMAT = "dwarf-with-dsym";
				ENABLE_NS_ASSERTIONS = NO;
				ENABLE_STRICT_OBJC_MSGSEND = YES;
				GCC_C_LANGUAGE_STANDARD = gnu99;
				GCC_NO_COMMON_BLOCKS = YES;
				GCC_WARN_64_TO_32_BIT_CONVERSION = YES;
				GCC_WARN_ABOUT_RETURN_TYPE = YES_ERROR;
				GCC_WARN_UNDECLARED_SELECTOR = YES;
				GCC_WARN_UNINITIALIZED_AUTOS = YES_AGGRESSIVE;
				GCC_WARN_UNUSED_FUNCTION = YES;
				GCC_WARN_UNUSED_VARIABLE = YES;
				IPHONEOS_DEPLOYMENT_TARGET = 9.1;
				MTL_ENABLE_DEBUG_INFO = NO;
				SDKROOT = iphoneos;
				VALIDATE_PRODUCT = YES;
			};
			name = Release;
		};
		114BF2791BEBC82E0035A6C1 /* Debug */ = {
			isa = XCBuildConfiguration;
			buildSettings = {
				ASSETCATALOG_COMPILER_APPICON_NAME = AppIcon;
				INFOPLIST_FILE = demo/Info.plist;
				LD_RUNPATH_SEARCH_PATHS = "$(inherited) @executable_path/Frameworks";
				PRODUCT_BUNDLE_IDENTIFIER = co.perne.demo;
				PRODUCT_NAME = "$(TARGET_NAME)";
			};
			name = Debug;
		};
		114BF27A1BEBC82E0035A6C1 /* Release */ = {
			isa = XCBuildConfiguration;
			buildSettings = {
				ASSETCATALOG_COMPILER_APPICON_NAME = AppIcon;
				INFOPLIST_FILE = demo/Info.plist;
				LD_RUNPATH_SEARCH_PATHS = "$(inherited) @executable_path/Frameworks";
				PRODUCT_BUNDLE_IDENTIFIER = co.perne.demo;
				PRODUCT_NAME = "$(TARGET_NAME)";
			};
			name = Release;
		};
		114BF27C1BEBC82E0035A6C1 /* Debug */ = {
			isa = XCBuildConfiguration;
			buildSettings = {
				BUNDLE_LOADER = "$(TEST_HOST)";
				INFOPLIST_FILE = demoTests/Info.plist;
				LD_RUNPATH_SEARCH_PATHS = "$(inherited) @executable_path/Frameworks @loader_path/Frameworks";
				PRODUCT_BUNDLE_IDENTIFIER = co.perne.demoTests;
				PRODUCT_NAME = "$(TARGET_NAME)";
				TEST_HOST = "$(BUILT_PRODUCTS_DIR)/demo.app/demo";
			};
			name = Debug;
		};
		114BF27D1BEBC82E0035A6C1 /* Release */ = {
			isa = XCBuildConfiguration;
			buildSettings = {
				BUNDLE_LOADER = "$(TEST_HOST)";
				INFOPLIST_FILE = demoTests/Info.plist;
				LD_RUNPATH_SEARCH_PATHS = "$(inherited) @executable_path/Frameworks @loader_path/Frameworks";
				PRODUCT_BUNDLE_IDENTIFIER = co.perne.demoTests;
				PRODUCT_NAME = "$(TARGET_NAME)";
				TEST_HOST = "$(BUILT_PRODUCTS_DIR)/demo.app/demo";
			};
			name = Release;
		};
		114BF27F1BEBC82E0035A6C1 /* Debug */ = {
			isa = XCBuildConfiguration;
			buildSettings = {
				INFOPLIST_FILE = demoUITests/Info.plist;
				LD_RUNPATH_SEARCH_PATHS = "$(inherited) @executable_path/Frameworks @loader_path/Frameworks";
				PRODUCT_BUNDLE_IDENTIFIER = co.perne.demoUITests;
				PRODUCT_NAME = "$(TARGET_NAME)";
				TEST_TARGET_NAME = demo;
				USES_XCTRUNNER = YES;
			};
			name = Debug;
		};
		114BF2801BEBC82E0035A6C1 /* Release */ = {
			isa = XCBuildConfiguration;
			buildSettings = {
				INFOPLIST_FILE = demoUITests/Info.plist;
				LD_RUNPATH_SEARCH_PATHS = "$(inherited) @executable_path/Frameworks @loader_path/Frameworks";
				PRODUCT_BUNDLE_IDENTIFIER = co.perne.demoUITests;
				PRODUCT_NAME = "$(TARGET_NAME)";
				TEST_TARGET_NAME = demo;
				USES_XCTRUNNER = YES;
			};
			name = Release;
		};
/* End XCBuildConfiguration section */

/* Begin XCConfigurationList section */
		114BF24B1BEBC82D0035A6C1 /* Build configuration list for PBXProject "demo" */ = {
			isa = XCConfigurationList;
			buildConfigurations = (
				114BF2761BEBC82E0035A6C1 /* Debug */,
				114BF2771BEBC82E0035A6C1 /* Release */,
			);
			defaultConfigurationIsVisible = 0;
			defaultConfigurationName = Release;
		};
		114BF2781BEBC82E0035A6C1 /* Build configuration list for PBXNativeTarget "demo" */ = {
			isa = XCConfigurationList;
			buildConfigurations = (
				114BF2791BEBC82E0035A6C1 /* Debug */,
				114BF27A1BEBC82E0035A6C1 /* Release */,
			);
			defaultConfigurationIsVisible = 0;
		};
		114BF27B1BEBC82E0035A6C1 /* Build configuration list for PBXNativeTarget "demoTests" */ = {
			isa = XCConfigurationList;
			buildConfigurations = (
				114BF27C1BEBC82E0035A6C1 /* Debug */,
				114BF27D1BEBC82E0035A6C1 /* Release */,
			);
			defaultConfigurationIsVisible = 0;
		};
		114BF27E1BEBC82E0035A6C1 /* Build configuration list for PBXNativeTarget "demoUITests" */ = {
			isa = XCConfigurationList;
			buildConfigurations = (
				114BF27F1BEBC82E0035A6C1 /* Debug */,
				114BF2801BEBC82E0035A6C1 /* Release */,
			);
			defaultConfigurationIsVisible = 0;
		};
/* End XCConfigurationList section */
	};
	rootObject = 114BF2481BEBC82D0035A6C1 /* Project object */;
}
